
Microsoft Visual Studio Solution File, Format Version 12.00
# Visual Studio Version 16
VisualStudioVersion = 16.0.29709.97
MinimumVisualStudioVersion = 10.0.40219.1
Project("{FAE04EC0-301F-11D3-BF4B-00C04F79EFBC}") = "CA200224_2", "CA200224_2\CA200224_2.csproj", "{3AF51C0B-A3BC-49F5-9187-08D4E9055277}"
EndProject
Global
	GlobalSection(SolutionConfigurationPlatforms) = preSolution
		Debug|Any CPU = Debug|Any CPU
		Release|Any CPU = Release|Any CPU
	EndGlobalSection
	GlobalSection(ProjectConfigurationPlatforms) = postSolution
		{3AF51C0B-A3BC-49F5-9187-08D4E9055277}.Debug|Any CPU.ActiveCfg = Debug|Any CPU
		{3AF51C0B-A3BC-49F5-9187-08D4E9055277}.Debug|Any CPU.Build.0 = Debug|Any CPU
		{3AF51C0B-A3BC-49F5-9187-08D4E9055277}.Release|Any CPU.ActiveCfg = Release|Any CPU
		{3AF51C0B-A3BC-49F5-9187-08D4E9055277}.Release|Any CPU.Build.0 = Release|Any CPU
	EndGlobalSection
	GlobalSection(SolutionProperties) = preSolution
		HideSolutionNode = FALSE
	EndGlobalSection
	GlobalSection(ExtensibilityGlobals) = postSolution
		SolutionGuid = {D13D3031-5E32-4796-8326-3AFC6EDFD702}
	EndGlobalSection
EndGlobal
